// !$*UTF8*$!
{
	archiveVersion = 1;
	classes = {
	};
	objectVersion = 50;
	objects = {

/* Begin PBXBuildFile section */
		8E549F7725FD868700C28118 /* mvvmApp.swift in Sources */ = {isa = PBXBuildFile; fileRef = 8E549F7625FD868700C28118 /* mvvmApp.swift */; };
		8E549F7925FD868700C28118 /* ContentView.swift in Sources */ = {isa = PBXBuildFile; fileRef = 8E549F7825FD868700C28118 /* ContentView.swift */; };
		8E549F7B25FD868800C28118 /* Assets.xcassets in Resources */ = {isa = PBXBuildFile; fileRef = 8E549F7A25FD868800C28118 /* Assets.xcassets */; };
		8E549F7E25FD868800C28118 /* Preview Assets.xcassets in Resources */ = {isa = PBXBuildFile; fileRef = 8E549F7D25FD868800C28118 /* Preview Assets.xcassets */; };
		8E549F8925FD868800C28118 /* mvvmTests.swift in Sources */ = {isa = PBXBuildFile; fileRef = 8E549F8825FD868800C28118 /* mvvmTests.swift */; };
		8E549F9425FD868800C28118 /* mvvmUITests.swift in Sources */ = {isa = PBXBuildFile; fileRef = 8E549F9325FD868800C28118 /* mvvmUITests.swift */; };
		8E549FA625FD875200C28118 /* Person.swift in Sources */ = {isa = PBXBuildFile; fileRef = 8E549FA525FD875200C28118 /* Person.swift */; };
		8E549FAF25FD890200C28118 /* PersonViewModel.swift in Sources */ = {isa = PBXBuildFile; fileRef = 8E549FAE25FD890200C28118 /* PersonViewModel.swift */; };
		8E549FC325FD922200C28118 /* DetailsView.swift in Sources */ = {isa = PBXBuildFile; fileRef = 8E549FC225FD922200C28118 /* DetailsView.swift */; };
/* End PBXBuildFile section */

/* Begin PBXContainerItemProxy section */
		8E549F8525FD868800C28118 /* PBXContainerItemProxy */ = {
			isa = PBXContainerItemProxy;
			containerPortal = 8E549F6B25FD868700C28118 /* Project object */;
			proxyType = 1;
			remoteGlobalIDString = 8E549F7225FD868700C28118;
			remoteInfo = mvvm;
		};
		8E549F9025FD868800C28118 /* PBXContainerItemProxy */ = {
			isa = PBXContainerItemProxy;
			containerPortal = 8E549F6B25FD868700C28118 /* Project object */;
			proxyType = 1;
			remoteGlobalIDString = 8E549F7225FD868700C28118;
			remoteInfo = mvvm;
		};
/* End PBXContainerItemProxy section */

/* Begin PBXFileReference section */
		8E549F7325FD868700C28118 /* mvvm.app */ = {isa = PBXFileReference; explicitFileType = wrapper.application; includeInIndex = 0; path = mvvm.app; sourceTree = BUILT_PRODUCTS_DIR; };
		8E549F7625FD868700C28118 /* mvvmApp.swift */ = {isa = PBXFileReference; lastKnownFileType = sourcecode.swift; path = mvvmApp.swift; sourceTree = "<group>"; };
		8E549F7825FD868700C28118 /* ContentView.swift */ = {isa = PBXFileReference; lastKnownFileType = sourcecode.swift; path = ContentView.swift; sourceTree = "<group>"; };
		8E549F7A25FD868800C28118 /* Assets.xcassets */ = {isa = PBXFileReference; lastKnownFileType = folder.assetcatalog; path = Assets.xcassets; sourceTree = "<group>"; };
		8E549F7D25FD868800C28118 /* Preview Assets.xcassets */ = {isa = PBXFileReference; lastKnownFileType = folder.assetcatalog; path = "Preview Assets.xcassets"; sourceTree = "<group>"; };
		8E549F7F25FD868800C28118 /* Info.plist */ = {isa = PBXFileReference; lastKnownFileType = text.plist.xml; path = Info.plist; sourceTree = "<group>"; };
		8E549F8425FD868800C28118 /* mvvmTests.xctest */ = {isa = PBXFileReference; explicitFileType = wrapper.cfbundle; includeInIndex = 0; path = mvvmTests.xctest; sourceTree = BUILT_PRODUCTS_DIR; };
		8E549F8825FD868800C28118 /* mvvmTests.swift */ = {isa = PBXFileReference; lastKnownFileType = sourcecode.swift; path = mvvmTests.swift; sourceTree = "<group>"; };
		8E549F8A25FD868800C28118 /* Info.plist */ = {isa = PBXFileReference; lastKnownFileType = text.plist.xml; path = Info.plist; sourceTree = "<group>"; };
		8E549F8F25FD868800C28118 /* mvvmUITests.xctest */ = {isa = PBXFileReference; explicitFileType = wrapper.cfbundle; includeInIndex = 0; path = mvvmUITests.xctest; sourceTree = BUILT_PRODUCTS_DIR; };
		8E549F9325FD868800C28118 /* mvvmUITests.swift */ = {isa = PBXFileReference; lastKnownFileType = sourcecode.swift; path = mvvmUITests.swift; sourceTree = "<group>"; };
		8E549F9525FD868800C28118 /* Info.plist */ = {isa = PBXFileReference; lastKnownFileType = text.plist.xml; path = Info.plist; sourceTree = "<group>"; };
		8E549FA525FD875200C28118 /* Person.swift */ = {isa = PBXFileReference; lastKnownFileType = sourcecode.swift; path = Person.swift; sourceTree = "<group>"; };
		8E549FAE25FD890200C28118 /* PersonViewModel.swift */ = {isa = PBXFileReference; lastKnownFileType = sourcecode.swift; path = PersonViewModel.swift; sourceTree = "<group>"; };
		8E549FC225FD922200C28118 /* DetailsView.swift */ = {isa = PBXFileReference; lastKnownFileType = sourcecode.swift; path = DetailsView.swift; sourceTree = "<group>"; };
/* End PBXFileReference section */

/* Begin PBXFrameworksBuildPhase section */
		8E549F7025FD868700C28118 /* Frameworks */ = {
			isa = PBXFrameworksBuildPhase;
			buildActionMask = 2147483647;
			files = (
			);
			runOnlyForDeploymentPostprocessing = 0;
		};
		8E549F8125FD868800C28118 /* Frameworks */ = {
			isa = PBXFrameworksBuildPhase;
			buildActionMask = 2147483647;
			files = (
			);
			runOnlyForDeploymentPostprocessing = 0;
		};
		8E549F8C25FD868800C28118 /* Frameworks */ = {
			isa = PBXFrameworksBuildPhase;
			buildActionMask = 2147483647;
			files = (
			);
			runOnlyForDeploymentPostprocessing = 0;
		};
/* End PBXFrameworksBuildPhase section */

/* Begin PBXGroup section */
		8E549F6A25FD868700C28118 = {
			isa = PBXGroup;
			children = (
				8E549F7525FD868700C28118 /* mvvm */,
				8E549F8725FD868800C28118 /* mvvmTests */,
				8E549F9225FD868800C28118 /* mvvmUITests */,
				8E549F7425FD868700C28118 /* Products */,
			);
			sourceTree = "<group>";
		};
		8E549F7425FD868700C28118 /* Products */ = {
			isa = PBXGroup;
			children = (
				8E549F7325FD868700C28118 /* mvvm.app */,
				8E549F8425FD868800C28118 /* mvvmTests.xctest */,
				8E549F8F25FD868800C28118 /* mvvmUITests.xctest */,
			);
			name = Products;
			sourceTree = "<group>";
		};
		8E549F7525FD868700C28118 /* mvvm */ = {
			isa = PBXGroup;
			children = (
				8E549FB625FD8BDB00C28118 /* view */,
				8E549FAD25FD88E100C28118 /* viewmodel */,
				8E549FA425FD872900C28118 /* model */,
				8E549F7625FD868700C28118 /* mvvmApp.swift */,
				8E549F7A25FD868800C28118 /* Assets.xcassets */,
				8E549F7F25FD868800C28118 /* Info.plist */,
				8E549F7C25FD868800C28118 /* Preview Content */,
			);
			path = mvvm;
			sourceTree = "<group>";
		};
		8E549F7C25FD868800C28118 /* Preview Content */ = {
			isa = PBXGroup;
			children = (
				8E549F7D25FD868800C28118 /* Preview Assets.xcassets */,
			);
			path = "Preview Content";
			sourceTree = "<group>";
		};
		8E549F8725FD868800C28118 /* mvvmTests */ = {
			isa = PBXGroup;
			children = (
				8E549F8825FD868800C28118 /* mvvmTests.swift */,
				8E549F8A25FD868800C28118 /* Info.plist */,
			);
			path = mvvmTests;
			sourceTree = "<group>";
		};
		8E549F9225FD868800C28118 /* mvvmUITests */ = {
			isa = PBXGroup;
			children = (
				8E549F9325FD868800C28118 /* mvvmUITests.swift */,
				8E549F9525FD868800C28118 /* Info.plist */,
			);
			path = mvvmUITests;
			sourceTree = "<group>";
		};
		8E549FA425FD872900C28118 /* model */ = {
			isa = PBXGroup;
			children = (
				8E549FA525FD875200C28118 /* Person.swift */,
			);
			path = model;
			sourceTree = "<group>";
		};
		8E549FAD25FD88E100C28118 /* viewmodel */ = {
			isa = PBXGroup;
			children = (
				8E549FAE25FD890200C28118 /* PersonViewModel.swift */,
			);
			path = viewmodel;
			sourceTree = "<group>";
		};
		8E549FB625FD8BDB00C28118 /* view */ = {
			isa = PBXGroup;
			children = (
				8E549F7825FD868700C28118 /* ContentView.swift */,
				8E549FC225FD922200C28118 /* DetailsView.swift */,
			);
			path = view;
			sourceTree = "<group>";
		};
/* End PBXGroup section */

/* Begin PBXNativeTarget section */
		8E549F7225FD868700C28118 /* mvvm */ = {
			isa = PBXNativeTarget;
			buildConfigurationList = 8E549F9825FD868800C28118 /* Build configuration list for PBXNativeTarget "mvvm" */;
			buildPhases = (
				8E549F6F25FD868700C28118 /* Sources */,
				8E549F7025FD868700C28118 /* Frameworks */,
				8E549F7125FD868700C28118 /* Resources */,
			);
			buildRules = (
			);
			dependencies = (
			);
			name = mvvm;
			productName = mvvm;
			productReference = 8E549F7325FD868700C28118 /* mvvm.app */;
			productType = "com.apple.product-type.application";
		};
		8E549F8325FD868800C28118 /* mvvmTests */ = {
			isa = PBXNativeTarget;
			buildConfigurationList = 8E549F9B25FD868800C28118 /* Build configuration list for PBXNativeTarget "mvvmTests" */;
			buildPhases = (
				8E549F8025FD868800C28118 /* Sources */,
				8E549F8125FD868800C28118 /* Frameworks */,
				8E549F8225FD868800C28118 /* Resources */,
			);
			buildRules = (
			);
			dependencies = (
				8E549F8625FD868800C28118 /* PBXTargetDependency */,
			);
			name = mvvmTests;
			productName = mvvmTests;
			productReference = 8E549F8425FD868800C28118 /* mvvmTests.xctest */;
			productType = "com.apple.product-type.bundle.unit-test";
		};
		8E549F8E25FD868800C28118 /* mvvmUITests */ = {
			isa = PBXNativeTarget;
			buildConfigurationList = 8E549F9E25FD868800C28118 /* Build configuration list for PBXNativeTarget "mvvmUITests" */;
			buildPhases = (
				8E549F8B25FD868800C28118 /* Sources */,
				8E549F8C25FD868800C28118 /* Frameworks */,
				8E549F8D25FD868800C28118 /* Resources */,
			);
			buildRules = (
			);
			dependencies = (
				8E549F9125FD868800C28118 /* PBXTargetDependency */,
			);
			name = mvvmUITests;
			productName = mvvmUITests;
			productReference = 8E549F8F25FD868800C28118 /* mvvmUITests.xctest */;
			productType = "com.apple.product-type.bundle.ui-testing";
		};
/* End PBXNativeTarget section */

/* Begin PBXProject section */
		8E549F6B25FD868700C28118 /* Project object */ = {
			isa = PBXProject;
			attributes = {
				LastSwiftUpdateCheck = 1230;
				LastUpgradeCheck = 1230;
				TargetAttributes = {
					8E549F7225FD868700C28118 = {
						CreatedOnToolsVersion = 12.3;
					};
					8E549F8325FD868800C28118 = {
						CreatedOnToolsVersion = 12.3;
						TestTargetID = 8E549F7225FD868700C28118;
					};
					8E549F8E25FD868800C28118 = {
						CreatedOnToolsVersion = 12.3;
						TestTargetID = 8E549F7225FD868700C28118;
					};
				};
			};
			buildConfigurationList = 8E549F6E25FD868700C28118 /* Build configuration list for PBXProject "mvvm" */;
			compatibilityVersion = "Xcode 9.3";
			developmentRegion = en;
			hasScannedForEncodings = 0;
			knownRegions = (
				en,
				Base,
			);
			mainGroup = 8E549F6A25FD868700C28118;
			productRefGroup = 8E549F7425FD868700C28118 /* Products */;
			projectDirPath = "";
			projectRoot = "";
			targets = (
				8E549F7225FD868700C28118 /* mvvm */,
				8E549F8325FD868800C28118 /* mvvmTests */,
				8E549F8E25FD868800C28118 /* mvvmUITests */,
			);
		};
/* End PBXProject section */

/* Begin PBXResourcesBuildPhase section */
		8E549F7125FD868700C28118 /* Resources */ = {
			isa = PBXResourcesBuildPhase;
			buildActionMask = 2147483647;
			files = (
				8E549F7E25FD868800C28118 /* Preview Assets.xcassets in Resources */,
				8E549F7B25FD868800C28118 /* Assets.xcassets in Resources */,
			);
			runOnlyForDeploymentPostprocessing = 0;
		};
		8E549F8225FD868800C28118 /* Resources */ = {
			isa = PBXResourcesBuildPhase;
			buildActionMask = 2147483647;
			files = (
			);
			runOnlyForDeploymentPostprocessing = 0;
		};
		8E549F8D25FD868800C28118 /* Resources */ = {
			isa = PBXResourcesBuildPhase;
			buildActionMask = 2147483647;
			files = (
			);
			runOnlyForDeploymentPostprocessing = 0;
		};
/* End PBXResourcesBuildPhase section */

/* Begin PBXSourcesBuildPhase section */
		8E549F6F25FD868700C28118 /* Sources */ = {
			isa = PBXSourcesBuildPhase;
			buildActionMask = 2147483647;
			files = (
				8E549FA625FD875200C28118 /* Person.swift in Sources */,
				8E549FC325FD922200C28118 /* DetailsView.swift in Sources */,
				8E549F7925FD868700C28118 /* ContentView.swift in Sources */,
				8E549F7725FD868700C28118 /* mvvmApp.swift in Sources */,
				8E549FAF25FD890200C28118 /* PersonViewModel.swift in Sources */,
			);
			runOnlyForDeploymentPostprocessing = 0;
		};
		8E549F8025FD868800C28118 /* Sources */ = {
			isa = PBXSourcesBuildPhase;
			buildActionMask = 2147483647;
			files = (
				8E549F8925FD868800C28118 /* mvvmTests.swift in Sources */,
			);
			runOnlyForDeploymentPostprocessing = 0;
		};
		8E549F8B25FD868800C28118 /* Sources */ = {
			isa = PBXSourcesBuildPhase;
			buildActionMask = 2147483647;
			files = (
				8E549F9425FD868800C28118 /* mvvmUITests.swift in Sources */,
			);
			runOnlyForDeploymentPostprocessing = 0;
		};
/* End PBXSourcesBuildPhase section */

/* Begin PBXTargetDependency section */
		8E549F8625FD868800C28118 /* PBXTargetDependency */ = {
			isa = PBXTargetDependency;
			target = 8E549F7225FD868700C28118 /* mvvm */;
			targetProxy = 8E549F8525FD868800C28118 /* PBXContainerItemProxy */;
		};
		8E549F9125FD868800C28118 /* PBXTargetDependency */ = {
			isa = PBXTargetDependency;
			target = 8E549F7225FD868700C28118 /* mvvm */;
			targetProxy = 8E549F9025FD868800C28118 /* PBXContainerItemProxy */;
		};
/* End PBXTargetDependency section */

/* Begin XCBuildConfiguration section */
		8E549F9625FD868800C28118 /* Debug */ = {
			isa = XCBuildConfiguration;
			buildSettings = {
				ALWAYS_SEARCH_USER_PATHS = NO;
				CLANG_ANALYZER_NONNULL = YES;
				CLANG_ANALYZER_NUMBER_OBJECT_CONVERSION = YES_AGGRESSIVE;
				CLANG_CXX_LANGUAGE_STANDARD = "gnu++14";
				CLANG_CXX_LIBRARY = "libc++";
				CLANG_ENABLE_MODULES = YES;
				CLANG_ENABLE_OBJC_ARC = YES;
				CLANG_ENABLE_OBJC_WEAK = YES;
				CLANG_WARN_BLOCK_CAPTURE_AUTORELEASING = YES;
				CLANG_WARN_BOOL_CONVERSION = YES;
				CLANG_WARN_COMMA = YES;
				CLANG_WARN_CONSTANT_CONVERSION = YES;
				CLANG_WARN_DEPRECATED_OBJC_IMPLEMENTATIONS = YES;
				CLANG_WARN_DIRECT_OBJC_ISA_USAGE = YES_ERROR;
				CLANG_WARN_DOCUMENTATION_COMMENTS = YES;
				CLANG_WARN_EMPTY_BODY = YES;
				CLANG_WARN_ENUM_CONVERSION = YES;
				CLANG_WARN_INFINITE_RECURSION = YES;
				CLANG_WARN_INT_CONVERSION = YES;
				CLANG_WARN_NON_LITERAL_NULL_CONVERSION = YES;
				CLANG_WARN_OBJC_IMPLICIT_RETAIN_SELF = YES;
				CLANG_WARN_OBJC_LITERAL_CONVERSION = YES;
				CLANG_WARN_OBJC_ROOT_CLASS = YES_ERROR;
				CLANG_WARN_QUOTED_INCLUDE_IN_FRAMEWORK_HEADER = YES;
				CLANG_WARN_RANGE_LOOP_ANALYSIS = YES;
				CLANG_WARN_STRICT_PROTOTYPES = YES;
				CLANG_WARN_SUSPICIOUS_MOVE = YES;
				CLANG_WARN_UNGUARDED_AVAILABILITY = YES_AGGRESSIVE;
				CLANG_WARN_UNREACHABLE_CODE = YES;
				CLANG_WARN__DUPLICATE_METHOD_MATCH = YES;
				COPY_PHASE_STRIP = NO;
				DEBUG_INFORMATION_FORMAT = dwarf;
				ENABLE_STRICT_OBJC_MSGSEND = YES;
				ENABLE_TESTABILITY = YES;
				GCC_C_LANGUAGE_STANDARD = gnu11;
				GCC_DYNAMIC_NO_PIC = NO;
				GCC_NO_COMMON_BLOCKS = YES;
				GCC_OPTIMIZATION_LEVEL = 0;
				GCC_PREPROCESSOR_DEFINITIONS = (
					"DEBUG=1",
					"$(inherited)",
				);
				GCC_WARN_64_TO_32_BIT_CONVERSION = YES;
				GCC_WARN_ABOUT_RETURN_TYPE = YES_ERROR;
				GCC_WARN_UNDECLARED_SELECTOR = YES;
				GCC_WARN_UNINITIALIZED_AUTOS = YES_AGGRESSIVE;
				GCC_WARN_UNUSED_FUNCTION = YES;
				GCC_WARN_UNUSED_VARIABLE = YES;
				IPHONEOS_DEPLOYMENT_TARGET = 14.3;
				MTL_ENABLE_DEBUG_INFO = INCLUDE_SOURCE;
				MTL_FAST_MATH = YES;
				ONLY_ACTIVE_ARCH = YES;
				SDKROOT = iphoneos;
				SWIFT_ACTIVE_COMPILATION_CONDITIONS = DEBUG;
				SWIFT_OPTIMIZATION_LEVEL = "-Onone";
			};
			name = Debug;
		};
		8E549F9725FD868800C28118 /* Release */ = {
			isa = XCBuildConfiguration;
			buildSettings = {
				ALWAYS_SEARCH_USER_PATHS = NO;
				CLANG_ANALYZER_NONNULL = YES;
				CLANG_ANALYZER_NUMBER_OBJECT_CONVERSION = YES_AGGRESSIVE;
				CLANG_CXX_LANGUAGE_STANDARD = "gnu++14";
				CLANG_CXX_LIBRARY = "libc++";
				CLANG_ENABLE_MODULES = YES;
				CLANG_ENABLE_OBJC_ARC = YES;
				CLANG_ENABLE_OBJC_WEAK = YES;
				CLANG_WARN_BLOCK_CAPTURE_AUTORELEASING = YES;
				CLANG_WARN_BOOL_CONVERSION = YES;
				CLANG_WARN_COMMA = YES;
				CLANG_WARN_CONSTANT_CONVERSION = YES;
				CLANG_WARN_DEPRECATED_OBJC_IMPLEMENTATIONS = YES;
				CLANG_WARN_DIRECT_OBJC_ISA_USAGE = YES_ERROR;
				CLANG_WARN_DOCUMENTATION_COMMENTS = YES;
				CLANG_WARN_EMPTY_BODY = YES;
				CLANG_WARN_ENUM_CONVERSION = YES;
				CLANG_WARN_INFINITE_RECURSION = YES;
				CLANG_WARN_INT_CONVERSION = YES;
				CLANG_WARN_NON_LITERAL_NULL_CONVERSION = YES;
				CLANG_WARN_OBJC_IMPLICIT_RETAIN_SELF = YES;
				CLANG_WARN_OBJC_LITERAL_CONVERSION = YES;
				CLANG_WARN_OBJC_ROOT_CLASS = YES_ERROR;
				CLANG_WARN_QUOTED_INCLUDE_IN_FRAMEWORK_HEADER = YES;
				CLANG_WARN_RANGE_LOOP_ANALYSIS = YES;
				CLANG_WARN_STRICT_PROTOTYPES = YES;
				CLANG_WARN_SUSPICIOUS_MOVE = YES;
				CLANG_WARN_UNGUARDED_AVAILABILITY = YES_AGGRESSIVE;
				CLANG_WARN_UNREACHABLE_CODE = YES;
				CLANG_WARN__DUPLICATE_METHOD_MATCH = YES;
				COPY_PHASE_STRIP = NO;
				DEBUG_INFORMATION_FORMAT = "dwarf-with-dsym";
				ENABLE_NS_ASSERTIONS = NO;
				ENABLE_STRICT_OBJC_MSGSEND = YES;
				GCC_C_LANGUAGE_STANDARD = gnu11;
				GCC_NO_COMMON_BLOCKS = YES;
				GCC_WARN_64_TO_32_BIT_CONVERSION = YES;
				GCC_WARN_ABOUT_RETURN_TYPE = YES_ERROR;
				GCC_WARN_UNDECLARED_SELECTOR = YES;
				GCC_WARN_UNINITIALIZED_AUTOS = YES_AGGRESSIVE;
				GCC_WARN_UNUSED_FUNCTION = YES;
				GCC_WARN_UNUSED_VARIABLE = YES;
				IPHONEOS_DEPLOYMENT_TARGET = 14.3;
				MTL_ENABLE_DEBUG_INFO = NO;
				MTL_FAST_MATH = YES;
				SDKROOT = iphoneos;
				SWIFT_COMPILATION_MODE = wholemodule;
				SWIFT_OPTIMIZATION_LEVEL = "-O";
				VALIDATE_PRODUCT = YES;
			};
			name = Release;
		};
		8E549F9925FD868800C28118 /* Debug */ = {
			isa = XCBuildConfiguration;
			buildSettings = {
				ASSETCATALOG_COMPILER_APPICON_NAME = AppIcon;
				ASSETCATALOG_COMPILER_GLOBAL_ACCENT_COLOR_NAME = AccentColor;
				CODE_SIGN_STYLE = Automatic;
				DEVELOPMENT_ASSET_PATHS = "\"mvvm/Preview Content\"";
				DEVELOPMENT_TEAM = 66856Y8M4Z;
				ENABLE_PREVIEWS = YES;
				INFOPLIST_FILE = mvvm/Info.plist;
				IPHONEOS_DEPLOYMENT_TARGET = 14.0;
				LD_RUNPATH_SEARCH_PATHS = (
					"$(inherited)",
					"@executable_path/Frameworks",
				);
				PRODUCT_BUNDLE_IDENTIFIER = com.carlyadam.mvvm;
				PRODUCT_NAME = "$(TARGET_NAME)";
				SWIFT_VERSION = 5.0;
				TARGETED_DEVICE_FAMILY = "1,2";
			};
			name = Debug;
		};
		8E549F9A25FD868800C28118 /* Release */ = {
			isa = XCBuildConfiguration;
			buildSettings = {
				ASSETCATALOG_COMPILER_APPICON_NAME = AppIcon;
				ASSETCATALOG_COMPILER_GLOBAL_ACCENT_COLOR_NAME = AccentColor;
				CODE_SIGN_STYLE = Automatic;
				DEVELOPMENT_ASSET_PATHS = "\"mvvm/Preview Content\"";
				DEVELOPMENT_TEAM = 66856Y8M4Z;
				ENABLE_PREVIEWS = YES;
				INFOPLIST_FILE = mvvm/Info.plist;
				IPHONEOS_DEPLOYMENT_TARGET = 14.0;
				LD_RUNPATH_SEARCH_PATHS = (
					"$(inherited)",
					"@executable_path/Frameworks",
				);
				PRODUCT_BUNDLE_IDENTIFIER = com.carlyadam.mvvm;
				PRODUCT_NAME = "$(TARGET_NAME)";
				SWIFT_VERSION = 5.0;
				TARGETED_DEVICE_FAMILY = "1,2";
			};
			name = Release;
		};
		8E549F9C25FD868800C28118 /* Debug */ = {
			isa = XCBuildConfiguration;
			buildSettings = {
				ALWAYS_EMBED_SWIFT_STANDARD_LIBRARIES = YES;
				BUNDLE_LOADER = "$(TEST_HOST)";
				CODE_SIGN_STYLE = Automatic;
				DEVELOPMENT_TEAM = 66856Y8M4Z;
				INFOPLIST_FILE = mvvmTests/Info.plist;
				IPHONEOS_DEPLOYMENT_TARGET = 14.0;
				LD_RUNPATH_SEARCH_PATHS = (
					"$(inherited)",
					"@executable_path/Frameworks",
					"@loader_path/Frameworks",
				);
				PRODUCT_BUNDLE_IDENTIFIER = com.carlyadam.mvvmTests;
				PRODUCT_NAME = "$(TARGET_NAME)";
				SWIFT_VERSION = 5.0;
				TARGETED_DEVICE_FAMILY = "1,2";
				TEST_HOST = "$(BUILT_PRODUCTS_DIR)/mvvm.app/mvvm";
			};
			name = Debug;
		};
		8E549F9D25FD868800C28118 /* Release */ = {
			isa = XCBuildConfiguration;
			buildSettings = {
				ALWAYS_EMBED_SWIFT_STANDARD_LIBRARIES = YES;
				BUNDLE_LOADER = "$(TEST_HOST)";
				CODE_SIGN_STYLE = Automatic;
				DEVELOPMENT_TEAM = 66856Y8M4Z;
				INFOPLIST_FILE = mvvmTests/Info.plist;
				IPHONEOS_DEPLOYMENT_TARGET = 14.0;
				LD_RUNPATH_SEARCH_PATHS = (
					"$(inherited)",
					"@executable_path/Frameworks",
					"@loader_path/Frameworks",
				);
				PRODUCT_BUNDLE_IDENTIFIER = com.carlyadam.mvvmTests;
				PRODUCT_NAME = "$(TARGET_NAME)";
				SWIFT_VERSION = 5.0;
				TARGETED_DEVICE_FAMILY = "1,2";
				TEST_HOST = "$(BUILT_PRODUCTS_DIR)/mvvm.app/mvvm";
			};
			name = Release;
		};
		8E549F9F25FD868800C28118 /* Debug */ = {
			isa = XCBuildConfiguration;
			buildSettings = {
				ALWAYS_EMBED_SWIFT_STANDARD_LIBRARIES = YES;
				CODE_SIGN_STYLE = Automatic;
				DEVELOPMENT_TEAM = 66856Y8M4Z;
				INFOPLIST_FILE = mvvmUITests/Info.plist;
				LD_RUNPATH_SEARCH_PATHS = (
					"$(inherited)",
					"@executable_path/Frameworks",
					"@loader_path/Frameworks",
				);
				PRODUCT_BUNDLE_IDENTIFIER = com.carlyadam.mvvmUITests;
				PRODUCT_NAME = "$(TARGET_NAME)";
				SWIFT_VERSION = 5.0;
				TARGETED_DEVICE_FAMILY = "1,2";
				TEST_TARGET_NAME = mvvm;
			};
			name = Debug;
		};
		8E549FA025FD868800C28118 /* Release */ = {
			isa = XCBuildConfiguration;
			buildSettings = {
				ALWAYS_EMBED_SWIFT_STANDARD_LIBRARIES = YES;
				CODE_SIGN_STYLE = Automatic;
				DEVELOPMENT_TEAM = 66856Y8M4Z;
				INFOPLIST_FILE = mvvmUITests/Info.plist;
				LD_RUNPATH_SEARCH_PATHS = (
					"$(inherited)",
					"@executable_path/Frameworks",
					"@loader_path/Frameworks",
				);
				PRODUCT_BUNDLE_IDENTIFIER = com.carlyadam.mvvmUITests;
				PRODUCT_NAME = "$(TARGET_NAME)";
				SWIFT_VERSION = 5.0;
				TARGETED_DEVICE_FAMILY = "1,2";
				TEST_TARGET_NAME = mvvm;
			};
			name = Release;
		};
/* End XCBuildConfiguration section */

/* Begin XCConfigurationList section */
		8E549F6E25FD868700C28118 /* Build configuration list for PBXProject "mvvm" */ = {
			isa = XCConfigurationList;
			buildConfigurations = (
				8E549F9625FD868800C28118 /* Debug */,
				8E549F9725FD868800C28118 /* Release */,
			);
			defaultConfigurationIsVisible = 0;
			defaultConfigurationName = Release;
		};
		8E549F9825FD868800C28118 /* Build configuration list for PBXNativeTarget "mvvm" */ = {
			isa = XCConfigurationList;
			buildConfigurations = (
				8E549F9925FD868800C28118 /* Debug */,
				8E549F9A25FD868800C28118 /* Release */,
			);
			defaultConfigurationIsVisible = 0;
			defaultConfigurationName = Release;
		};
		8E549F9B25FD868800C28118 /* Build configuration list for PBXNativeTarget "mvvmTests" */ = {
			isa = XCConfigurationList;
			buildConfigurations = (
				8E549F9C25FD868800C28118 /* Debug */,
				8E549F9D25FD868800C28118 /* Release */,
			);
			defaultConfigurationIsVisible = 0;
			defaultConfigurationName = Release;
		};
		8E549F9E25FD868800C28118 /* Build configuration list for PBXNativeTarget "mvvmUITests" */ = {
			isa = XCConfigurationList;
			buildConfigurations = (
				8E549F9F25FD868800C28118 /* Debug */,
				8E549FA025FD868800C28118 /* Release */,
			);
			defaultConfigurationIsVisible = 0;
			defaultConfigurationName = Release;
		};
/* End XCConfigurationList section */
	};
	rootObject = 8E549F6B25FD868700C28118 /* Project object */;
}
